{
  "pins" : [
    {
      "identity" : "lottie-spm",
      "kind" : "remoteSourceControl",
      "location" : "https://github.com/airbnb/lottie-spm.git",
      "state" : {
        "revision" : "60ea4f82fba8b4cb21a75665a889e86ed4d81c6e",
        "version" : "4.2.0"
      }
    },
    {
      "identity" : "rxswift",
      "kind" : "remoteSourceControl",
      "location" : "https://github.com/ReactiveX/RxSwift.git",
      "state" : {
        "revision" : "b4307ba0b6425c0ba4178e138799946c3da594f8",
        "version" : "6.5.0"
      }
    },
    {
      "identity" : "socket.io-client-swift",
      "kind" : "remoteSourceControl",
      "location" : "https://github.com/socketio/socket.io-client-swift",
      "state" : {
        "revision" : "36db2ff0ebc7239187f9b382fd318e122da71caa",
        "version" : "15.2.0"
      }
    },
    {
      "identity" : "starscream",
      "kind" : "remoteSourceControl",
      "location" : "https://github.com/daltoniam/Starscream",
      "state" : {
        "revision" : "a063fda2b8145a231953c20e7a646be254365396",
        "version" : "3.1.2"
      }
    },
    {
      "identity" : "vonage-client-sdk-video",
      "kind" : "remoteSourceControl",
      "location" : "https://github.com/opentok/vonage-client-sdk-video",
      "state" : {
        "revision" : "33b76cca8ba4ad5f657ed51e7a6e77fc03a048a1",
        "version" : "2.26.0"
      }
    }
  ],
  "version" : 2
}
